schema: '2.0'
stages:
  preprocess:
    cmd: conda run -n rf-detr python src/preprocess.py
    deps:
    - path: data/damage-detection/train/_annotations.coco.json
      hash: md5
      md5: d3e7c2a678f0f2b1c91268093bc19394
      size: 390307
    - path: params.yaml
      hash: md5
      md5: 01e007baf5c44e73c76718000be8063c
      size: 310
    - path: src/preprocess.py
      hash: md5
      md5: 4f088ceb4236decc8c753c70f49d3a6c
      size: 1220
    outs:
    - path: data/damage-detection/category_map.json
      hash: md5
      md5: 75469368d7b92d63f1a8a374b9ed49eb
      size: 52
  wandb-login:
    cmd: wandb login
  train:
    cmd: conda run -n rf-detr python src/train.py
    deps:
    - path: data/damage-detection
      hash: md5
      md5: 57ebd8126d592926e21876e038a433bb.dir
      size: 17016102
      nfiles: 1445
    - path: params.yaml
      hash: md5
      md5: 01e007baf5c44e73c76718000be8063c
      size: 310
    - path: src/train.py
      hash: md5
      md5: 1f930216c659e7b11434e39efc7f1940
      size: 2009
    params:
      params.yaml:
        model-type: nano
        train:
          lr: 0.0001
          lr_encoder: 0.00015
          batch_size: 16
          grad_accum_steps: 2
          epochs: 3
          weight_decay: 0.0001
          tensorboard: true
          wandb: true
          project: rf-detr
          mlflow: true
          clearml: false
          run_test: true
          eval_max_dets: 500
    outs:
    - path: trainings/damage-detection
      hash: md5
      md5: ac41b9ac0fff03cf1f6c174097ec4b6e.dir
      size: 971587506
      nfiles: 17
  test:
    cmd: conda run -n rf-detr python src/test.py
    deps:
    - path: data/damage-detection/category_map.json
      hash: md5
      md5: 75469368d7b92d63f1a8a374b9ed49eb
      size: 52
    - path: src/test.py
      hash: md5
      md5: 4393f465137e881b6cf9acbc6ff71aac
      size: 4224
    - path: trainings/damage-detection
      hash: md5
      md5: ac41b9ac0fff03cf1f6c174097ec4b6e.dir
      size: 971587506
      nfiles: 17
    - path: trainings/damage-detection/run_info.json
      hash: md5
      md5: 8db728899845bd825070d0d16f0ef1de
      size: 50
    params:
      params.yaml:
        task-name: damage-detection
